Microsoft Visual Studio Solution File, Format Version 12.00
# Visual Studio Version 17
VisualStudioVersion = 17.5.2.0
MinimumVisualStudioVersion = 10.0.40219.1
Project("{2150E333-8FDC-42A3-9474-1A3956D46DE8}") = "Tests", "Tests", "{0AB3BF05-4346-4AA6-1389-037BE0695223}"
EndProject
Project("{2150E333-8FDC-42A3-9474-1A3956D46DE8}") = "src", "src", "{827E0CD3-B72D-47B6-A68D-7590B98EB39B}"
EndProject
Project("{FAE04EC0-301F-11D3-BF4B-00C04F79EFBC}") = "PruevaCS.Tests", "Tests\PruevaCS.Tests.csproj", "{1D5BE46A-BA47-B353-F9F9-6AF98FC9BBE6}"
EndProject
Project("{FAE04EC0-301F-11D3-BF4B-00C04F79EFBC}") = "PruevaCS", "src\PruevaCS\PruevaCS.csproj", "{8C61D5FD-AEF2-CEEC-434C-37E041B321A4}"
EndProject
Global
	GlobalSection(SolutionConfigurationPlatforms) = preSolution
		Debug|Any CPU = Debug|Any CPU
		Release|Any CPU = Release|Any CPU
	EndGlobalSection
	GlobalSection(ProjectConfigurationPlatforms) = postSolution
		{1D5BE46A-BA47-B353-F9F9-6AF98FC9BBE6}.Debug|Any CPU.ActiveCfg = Debug|Any CPU
		{1D5BE46A-BA47-B353-F9F9-6AF98FC9BBE6}.Debug|Any CPU.Build.0 = Debug|Any CPU
		{1D5BE46A-BA47-B353-F9F9-6AF98FC9BBE6}.Release|Any CPU.ActiveCfg = Release|Any CPU
		{1D5BE46A-BA47-B353-F9F9-6AF98FC9BBE6}.Release|Any CPU.Build.0 = Release|Any CPU
		{8C61D5FD-AEF2-CEEC-434C-37E041B321A4}.Debug|Any CPU.ActiveCfg = Debug|Any CPU
		{8C61D5FD-AEF2-CEEC-434C-37E041B321A4}.Debug|Any CPU.Build.0 = Debug|Any CPU
		{8C61D5FD-AEF2-CEEC-434C-37E041B321A4}.Release|Any CPU.ActiveCfg = Release|Any CPU
		{8C61D5FD-AEF2-CEEC-434C-37E041B321A4}.Release|Any CPU.Build.0 = Release|Any CPU
	EndGlobalSection
	GlobalSection(SolutionProperties) = preSolution
		HideSolutionNode = FALSE
	EndGlobalSection
	GlobalSection(NestedProjects) = preSolution
		{1D5BE46A-BA47-B353-F9F9-6AF98FC9BBE6} = {0AB3BF05-4346-4AA6-1389-037BE0695223}
		{8C61D5FD-AEF2-CEEC-434C-37E041B321A4} = {827E0CD3-B72D-47B6-A68D-7590B98EB39B}
	EndGlobalSection
	GlobalSection(ExtensibilityGlobals) = postSolution
		SolutionGuid = {7EFC1961-A5F2-4662-9959-801DFCB7CC87}
	EndGlobalSection
EndGlobal
